version = 1
revision = 3
requires-python = ">=3.12, <3.14"

[[package]]
name = "colorama"
version = "0.4.6"
source = { registry = "https://pypi.org/simple" }
sdist = { url = "https://files.pythonhosted.org/packages/d8/53/6f443c9a4a8358a93a6792e2acffb9d9d5cb0a5cfd8802644b7b1c9a02e4/colorama-0.4.6.tar.gz", hash = "sha256:08695f5cb7ed6e0531a20572697297273c47b8cae5a63ffc6d6ed5c201be6e44", size = 27697, upload-time = "2022-10-25T02:36:22.414Z" }
wheels = [
    { url = "https://files.pythonhosted.org/packages/d1/d6/3965ed04c63042e047cb6a3e6ed1a63a35087b6a609aa3a15ed8ac56c221/colorama-0.4.6-py2.py3-none-any.whl", hash = "sha256:4f1d9991f5acc0ca119f9d443620b77f9d6b33703e51011c16baf57afb285fc6", size = 25335, upload-time = "2022-10-25T02:36:20.889Z" },
]

[[package]]
name = "docstring-parser"
version = "0.18.0"
source = { registry = "https://pypi.org/simple" }
sdist = { url = "https://files.pythonhosted.org/packages/e0/4d/f332313098c1de1b2d2ff91cf2674415cc7cddab2ca1b01ae29774bd5fdf/docstring_parser-0.18.0.tar.gz", hash = "sha256:292510982205c12b1248696f44959db3cdd1740237a968ea1e2e7a900eeb2015", size = 29341, upload-time = "2026-04-14T04:09:19.867Z" }
wheels = [
    { url = "https://files.pythonhosted.org/packages/a7/5f/ed01f9a3cdffbd5a008556fc7b2a08ddb1cc6ace7effa7340604b1d16699/docstring_parser-0.18.0-py3-none-any.whl", hash = "sha256:b3fcbed555c47d8479be0796ef7e19c2670d428d72e96da63f3a40122860374b", size = 22484, upload-time = "2026-04-14T04:09:18.638Z" },
]

[[package]]
name = "iniconfig"
version = "2.3.0"
source = { registry = "https://pypi.org/simple" }
sdist = { url = "https://files.pythonhosted.org/packages/72/34/14ca021ce8e5dfedc35312d08ba8bf51fdd999c576889fc2c24cb97f4f10/iniconfig-2.3.0.tar.gz", hash = "sha256:c76315c77db068650d49c5b56314774a7804df16fee4402c1f19d6d15d8c4730", size = 20503, upload-time = "2025-10-18T21:55:43.219Z" }
wheels = [
    { url = "https://files.pythonhosted.org/packages/cb/b1/3846dd7f199d53cb17f49cba7e651e9ce294d8497c8c150530ed11865bb8/iniconfig-2.3.0-py3-none-any.whl", hash = "sha256:f631c04d2c48c52b84d0d0549c99ff3859c98df65b3101406327ecc7d53fbf12", size = 7484, upload-time = "2025-10-18T21:55:41.639Z" },
]

[[package]]
name = "loguru"
version = "0.7.3"
source = { registry = "https://pypi.org/simple" }
dependencies = [
    { name = "colorama", marker = "sys_platform == 'win32'" },
    { name = "win32-setctime", marker = "sys_platform == 'win32'" },
]
sdist = { url = "https://files.pythonhosted.org/packages/3a/05/a1dae3dffd1116099471c643b8924f5aa6524411dc6c63fdae648c4f1aca/loguru-0.7.3.tar.gz", hash = "sha256:19480589e77d47b8d85b2c827ad95d49bf31b0dcde16593892eb51dd18706eb6", size = 63559, upload-time = "2024-12-06T11:20:56.608Z" }
wheels = [
    { url = "https://files.pythonhosted.org/packages/0c/29/0348de65b8cc732daa3e33e67806420b2ae89bdce2b04af740289c5c6c8c/loguru-0.7.3-py3-none-any.whl", hash = "sha256:31a33c10c8e1e10422bfd431aeb5d351c7cf7fa671e3c4df004162264b28220c", size = 61595, upload-time = "2024-12-06T11:20:54.538Z" },
]

[[package]]
name = "packaging"
version = "26.3"
source = { registry = "https://pypi.org/simple" }
sdist = { url = "https://files.pythonhosted.org/packages/7d/fa/3944b40b07da9ce895c0e6303a5ab7d53da063554f534556b134a54d6093/packaging-26.3.tar.gz", hash = "sha256:94edc256424af38762eb31306eed28beb9f0efc50a8837492c9d6fd6004aed79", size = 313412, upload-time = "2026-08-04T18:15:28.737Z" }
wheels = [
    { url = "https://files.pythonhosted.org/packages/63/34/ba1c580383c9eada3711951fef0795c80b829a078d72188184bcab9dd527/packaging-26.3-py3-none-any.whl", hash = "sha256:d7193f7c8e4e93f444fde0262bf90af30e16fa0ad0ad44cb553c87339b23cd1c", size = 129956, upload-time = "2026-08-04T18:15:27.159Z" },
]

[[package]]
name = "pluggy"
version = "1.6.0"
source = { registry = "https://pypi.org/simple" }
sdist = { url = "https://files.pythonhosted.org/packages/f9/e2/3e91f31a7d2b083fe6ef3fa267035b518369d9511ffab804f839851d2779/pluggy-1.6.0.tar.gz", hash = "sha256:7dcc130b76258d33b90f61b658791dede3486c3e6bfb003ee5c9bfb396dd22f3", size = 69412, upload-time = "2025-05-15T12:30:07.975Z" }
wheels = [
    { url = "https://files.pythonhosted.org/packages/54/20/4d324d65cc6d9205fabedc306948156824eb9f0ee1633355a8f7ec5c66bf/pluggy-1.6.0-py3-none-any.whl", hash = "sha256:e920276dd6813095e9377c0bc5566d94c932c33b27a3e3945d8389c374dd4746", size = 20538, upload-time = "2025-05-15T12:30:06.134Z" },
]

[[package]]
name = "process"
version = "0.1.0"
source = { editable = "." }
dependencies = [
    { name = "loguru" },
    { name = "tyro" },
]

[package.dev-dependencies]
dev = [
    { name = "pytest" },
    { name = "ruff" },
    { name = "uv" },
]

[package.metadata]
requires-dist = [
    { name = "loguru", specifier = ">=0.7.3" },
    { name = "tyro", specifier = ">=1.0.13" },
]

[package.metadata.requires-dev]
dev = [
    { name = "pytest", specifier = ">=8.0.0" },
    { name = "ruff" },
    { name = "uv" },
]

[[package]]
name = "pygments"
version = "2.20.0"
source = { registry = "https://pypi.org/simple" }
sdist = { url = "https://files.pythonhosted.org/packages/c3/b2/bc9c9196916376152d655522fdcebac55e66de6603a76a02bca1b6414f6c/pygments-2.20.0.tar.gz", hash = "sha256:6757cd03768053ff99f3039c1a36d6c0aa0b263438fcab17520b30a303a82b5f", size = 4955991, upload-time = "2026-03-29T13:29:33.898Z" }
wheels = [
    { url = "https://files.pythonhosted.org/packages/f4/7e/a72dd26f3b0f4f2bf1dd8923c85f7ceb43172af56d63c7383eb62b332364/pygments-2.20.0-py3-none-any.whl", hash = "sha256:81a9e26dd42fd28a23a2d169d86d7ac03b46e2f8b59ed4698fb4785f946d0176", size = 1231151, upload-time = "2026-03-29T13:29:30.038Z" },
]

[[package]]
name = "pytest"
version = "9.1.1"
source = { registry = "https://pypi.org/simple" }
dependencies = [
    { name = "colorama", marker = "sys_platform == 'win32'" },
    { name = "iniconfig" },
    { name = "packaging" },
    { name = "pluggy" },
    { name = "pygments" },
]
sdist = { url = "https://files.pythonhosted.org/packages/e4/47/b9efed96c114afcfa3c9d3fe98a76a1d14c74a9e266d397cf6eb64be5e01/pytest-9.1.1.tar.gz", hash = "sha256:1088fbde8f2b49d95a549a195707afa7a76a3ce9bcadc26b6d71f0ffda5fe313", size = 1636369, upload-time = "2026-06-19T10:58:32.857Z" }
wheels = [
    { url = "https://files.pythonhosted.org/packages/24/25/1de2678b631f5a49215c6c96fff41ba892b0a34df68d6d80292b1b48aa7f/pytest-9.1.1-py3-none-any.whl", hash = "sha256:37a86b45efb9a47a61a36449063e8e18d0cab3161329fc099eb21783169c4f0c", size = 386536, upload-time = "2026-06-19T10:58:31.347Z" },
]

[[package]]
name = "ruff"
version = "0.16.3"
source = { registry = "https://pypi.org/simple" }
sdist = { url = "https://files.pythonhosted.org/packages/61/b3/3213589383f8f1b3938781bd1278713f6d18621a14992b3e81fefb8a5ef9/ruff-0.16.3.tar.gz", hash = "sha256:e76d33a347661a84b5be6d043d0347fdc745dfdcf825a8f4fed64b5e26eebdf2", size = 4891904, upload-time = "2026-08-13T15:17:13.381Z" }
wheels = [
    { url = "https://files.pythonhosted.org/packages/bf/96/493770daebd68c0a67f1549fdf519f53be51fc435186c0585bcc272fd76c/ruff-0.16.3-py3-none-linux_armv6l.whl", hash = "sha256:0c5710e247a58a4521e66e124ba9a74655b414f61ba3a2e9e3811e11098f48f7", size = 10902799, upload-time = "2026-08-13T15:16:27.382Z" },
    { url = "https://files.pythonhosted.org/packages/5e/e6/2becf3942fddc29a29b8df47691d456fb1085391a694f74d84513251418c/ruff-0.16.3-py3-none-macosx_10_12_x86_64.whl", hash = "sha256:fe155130631a2471fd2e14a7a664a4dfbd7194b8229c3d7b2a40b21178639081", size = 11135539, upload-time = "2026-08-13T15:16:30.87Z" },
    { url = "https://files.pythonhosted.org/packages/3e/1e/4b8b72f0d006dbf19326aa99f9ca0ee2ff374187c4d301cf529a51aa06fe/ruff-0.16.3-py3-none-macosx_11_0_arm64.whl", hash = "sha256:e2ed719e14aa64d895c2ee922594a90a43c861a93f0575a95ff8c47cdbd13eb9", size = 10475095, upload-time = "2026-08-13T15:16:33.259Z" },
    { url = "https://files.pythonhosted.org/packages/92/32/2201fa49ba1f6c101ee321e83f051ac7a4b8d07b0ef6b4d3f2772b302275/ruff-0.16.3-py3-none-manylinux_2_17_aarch64.manylinux2014_aarch64.whl", hash = "sha256:9e0b1da805eb043654645d74d5de1e5ce2edc686e40790d2b86f56d71cc06a84", size = 10668771, upload-time = "2026-08-13T15:16:35.65Z" },
    { url = "https://files.pythonhosted.org/packages/c3/66/4afc5c8363bd04d45effce1b7c8713ca037d7a6740b7451a2403a6e3a972/ruff-0.16.3-py3-none-manylinux_2_17_armv7l.manylinux2014_armv7l.whl", hash = "sha256:a37bdea0bbe21780f590bf437d6412c8c4e1b6cd010f91a65c2c40c5e5f5f870", size = 10699568, upload-time = "2026-08-13T15:16:38.195Z" },
    { url = "https://files.pythonhosted.org/packages/53/fd/c67d246bf36bf1698551c56de39e95cd07f70e64433e0098e6267d77061b/ruff-0.16.3-py3-none-manylinux_2_17_i686.manylinux2014_i686.whl", hash = "sha256:09571e6d1288ed9be475207a3ac04ada404f1cd898104be0f6ab8d7df438575b", size = 11499365, upload-time = "2026-08-13T15:16:40.623Z" },
    { url = "https://files.pythonhosted.org/packages/67/0b/00ecbceb99a263af7b12f6f05ac3c92bc47b905e91adc3f207a836e3bc01/ruff-0.16.3-py3-none-manylinux_2_17_ppc64le.manylinux2014_ppc64le.whl", hash = "sha256:2c18c5a101eb540010638cc1ff3c84944d3adb3df62b8d98ca8f22ba484d3413", size = 12311728, upload-time = "2026-08-13T15:16:43.564Z" },
    { url = "https://files.pythonhosted.org/packages/54/b2/b7b3bb54f4d3f7db504e476ad4ab8de530dceebe2c061384b2757ee419e8/ruff-0.16.3-py3-none-manylinux_2_17_s390x.manylinux2014_s390x.whl", hash = "sha256:8457c44f15033c85ddbb77b15d451df9e24e4bd03b628396dd3610cedc3b8f82", size = 11699896, upload-time = "2026-08-13T15:16:46.209Z" },
    { url = "https://files.pythonhosted.org/packages/c7/30/4c468429ac195addc5ee1b717b6ab1b66632786737ca3b2ed3443fb0c26a/ruff-0.16.3-py3-none-manylinux_2_17_x86_64.manylinux2014_x86_64.whl", hash = "sha256:294b95c4ae0cda9388525c2047778aa758d6b8d4bb876fd4e9eaa3ebc92343eb", size = 11058736, upload-time = "2026-08-13T15:16:48.823Z" },
    { url = "https://files.pythonhosted.org/packages/43/67/7a113cdaddf24b64d7f75b1242a99d04c82fcef4f6921fdbb832beaffb5f/ruff-0.16.3-py3-none-manylinux_2_31_riscv64.whl", hash = "sha256:3d0c7c40c87c2a820509c31ba007968da6e1306468c067b2d82fbfdbcd0e8474", size = 11586911, upload-time = "2026-08-13T15:16:51.913Z" },
    { url = "https://files.pythonhosted.org/packages/f1/c1/2e66f24c0f3ead25a5e660111778685e505e5da353c82802bf49f0cbe7b9/ruff-0.16.3-py3-none-musllinux_1_2_aarch64.whl", hash = "sha256:9f738c0fdfa8eed0b2ce7fb27ee7258208a92a68d7949e62aa15164bc7b389da", size = 10954265, upload-time = "2026-08-13T15:16:54.763Z" },
    { url = "https://files.pythonhosted.org/packages/c2/ba/4cee23bf52cba9a058d3726de623624daf50ef9638868edd86f4126157f6/ruff-0.16.3-py3-none-musllinux_1_2_armv7l.whl", hash = "sha256:fb785f0be25abe69d320415cd4f833b59e17ba7613d9ba6a958023b6bceb0a50", size = 10709886, upload-time = "2026-08-13T15:16:57.339Z" },
    { url = "https://files.pythonhosted.org/packages/82/df/7da7194fa5d9dc0a285f7e6fa5a4722e7c63faac0b45b614ded9314363a1/ruff-0.16.3-py3-none-musllinux_1_2_i686.whl", hash = "sha256:c5536e3acfbf9563085aa2be7b13c629c3077e902afc5b941ac44024dbb9f506", size = 11210392, upload-time = "2026-08-13T15:17:00.171Z" },
    { url = "https://files.pythonhosted.org/packages/35/85/7795f6e817af050e7517bf3e7aa9b061cce70ef33d280aad902c956c1ecf/ruff-0.16.3-py3-none-musllinux_1_2_x86_64.whl", hash = "sha256:a2d85c02f9b8e165d85e6779184d38c4132de12603dab59c51c28e22584f9e4d", size = 11626910, upload-time = "2026-08-13T15:17:03.299Z" },
    { url = "https://files.pythonhosted.org/packages/78/9b/475b927cf27a5cbbda3c7bafb69ed6ff77e1d7923d5d85f17c2749d7ae32/ruff-0.16.3-py3-none-win32.whl", hash = "sha256:388cdf2166642bd9b13d52b5932d3170f34f8abed7e8d9a855f1d84b83645a0a", size = 10931415, upload-time = "2026-08-13T15:17:05.726Z" },
    { url = "https://files.pythonhosted.org/packages/b2/99/e2a2bfc4fbf0a1e8a916bc9ebe6fe6c58cc34c28e0ffc6ce281d572d1c2e/ruff-0.16.3-py3-none-win_amd64.whl", hash = "sha256:e80a7d69ca2a6d1c4d352ec91458cdca6e56c83cdbcabd93e4abe1e53591d948", size = 11445993, upload-time = "2026-08-13T15:17:08.353Z" },
    { url = "https://files.pythonhosted.org/packages/69/3e/4132e539aed78c148854d4997a2685b0ed4dc4e87110b59ce528564e184e/ruff-0.16.3-py3-none-win_arm64.whl", hash = "sha256:b8ca152da82c1acc1fa8d5874b15951935f0eef46f10e6954c83859011b6178a", size = 11399302, upload-time = "2026-08-13T15:17:10.908Z" },
]

[[package]]
name = "typeguard"
version = "4.6.0"
source = { registry = "https://pypi.org/simple" }
dependencies = [
    { name = "typing-extensions" },
]
sdist = { url = "https://files.pythonhosted.org/packages/b4/de/4420db493fa8fc0856d5e5c1b159c63a323d2de2317babe36b01568928e8/typeguard-4.6.0.tar.gz", hash = "sha256:e7414f09111317de3e335de92cd397c5c0ca00b1cc1676de12e1d444a79b3f21", size = 82330, upload-time = "2026-07-26T08:40:23.207Z" }
wheels = [
    { url = "https://files.pythonhosted.org/packages/8f/eb/461d5f167b6f5c7d97696f397c82f82e3480e003fce3f0a1cd1dd26e2eb2/typeguard-4.6.0-py3-none-any.whl", hash = "sha256:79878165bb86f2cf5d41d159a0ff1792a796cf496882d2fe1b1c6c7049b9cdd7", size = 36884, upload-time = "2026-07-26T08:40:21.868Z" },
]

[[package]]
name = "typing-extensions"
version = "4.16.0"
source = { registry = "https://pypi.org/simple" }
sdist = { url = "https://files.pythonhosted.org/packages/f6/cc/6253133b5bb138fc3306cebfbda2c520f545d36b5be2c7255cc528bb45d6/typing_extensions-4.16.0.tar.gz", hash = "sha256:dc983d19a509c94dba722ee6abd33940f7c05a89e243c47e907eb4db6f1a43e5", size = 113555, upload-time = "2026-07-02T08:40:05.92Z" }
wheels = [
    { url = "https://files.pythonhosted.org/packages/49/d3/b8441a820a491ddfc024b0b0cf0393375b75ea13866d9c66727e54c2fc80/typing_extensions-4.16.0-py3-none-any.whl", hash = "sha256:481caa481374e813c1b176ada14e97f1f67a4539ce9cfeb3f350d78d6370c2e8", size = 45571, upload-time = "2026-07-02T08:40:04.659Z" },
]

[[package]]
name = "tyro"
version = "1.0.15"
source = { registry = "https://pypi.org/simple" }
dependencies = [
    { name = "docstring-parser" },
    { name = "typeguard" },
    { name = "typing-extensions" },
]
sdist = { url = "https://files.pythonhosted.org/packages/12/78/a5749a6c1ee9abc2999e294f339f8f72476d1a60bb95fc0e86156aafed3b/tyro-1.0.15.tar.gz", hash = "sha256:3f1d60887723eecb9c489f195d11f079c4a1f33df74b723552ad31ec57c667bb", size = 593822, upload-time = "2026-06-20T08:48:28.364Z" }
wheels = [
    { url = "https://files.pythonhosted.org/packages/5d/28/d607636187cf6c18eb72efb5d65c1d1b9e451db03d84676f835dd488fdbd/tyro-1.0.15-py3-none-any.whl", hash = "sha256:982da1d566005f1b2a6b56f6be6c6929c96f0e5fab9d61bc6097573ddfaf8d13", size = 215045, upload-time = "2026-06-20T08:48:27.104Z" },
]

[[package]]
name = "uv"
version = "0.12.4"
source = { registry = "https://pypi.org/simple" }
sdist = { url = "https://files.pythonhosted.org/packages/86/8e/707d2b1a5f51c5c039638fdae4d223b39455fc2d40b17418f272fac9b2c4/uv-0.12.4.tar.gz", hash = "sha256:9585396172c3b14b43671b47377bd0554ad3e75e80cb83a6d766da7ba0316cbe", size = 7088693, upload-time = "2026-08-13T21:14:54.564Z" }
wheels = [
    { url = "https://files.pythonhosted.org/packages/83/4c/acc3f1b64604c1214bf038095cc1c6aca6c4ccd0ecbe8549529b686895f2/uv-0.12.4-py3-none-linux_armv6l.whl", hash = "sha256:9c343a7251d1b4c47e467fd38ae16448e9d1607a645e332a95439bfb2a74b66e", size = 23172664, upload-time = "2026-08-13T21:13:42.906Z" },
    { url = "https://files.pythonhosted.org/packages/01/65/535e63e7f21c4ede7f159fddbb0b6f91245bf6c6995a67e0f431b13d4056/uv-0.12.4-py3-none-macosx_10_12_x86_64.whl", hash = "sha256:bdb7de1a0f70eaf957d782f84b3d39a9248d3ffd8dbf845304c623f70421870c", size = 21351340, upload-time = "2026-08-13T21:13:47.662Z" },
    { url = "https://files.pythonhosted.org/packages/0d/5e/ea9e08d1489b586c02cf1da034433b249a229b19ac7d80021ed4d901d62d/uv-0.12.4-py3-none-macosx_11_0_arm64.whl", hash = "sha256:004e75a64fa44619b0e3bb267c206a6920e65b78c963863b649c3bcdfd870610", size = 19411866, upload-time = "2026-08-13T21:13:51.587Z" },
    { url = "https://files.pythonhosted.org/packages/99/37/ba49b85cbb00a143b727107dd64f5078c225af911f0f597d4c2d053d6929/uv-0.12.4-py3-none-manylinux_2_17_aarch64.manylinux2014_aarch64.musllinux_1_1_aarch64.whl", hash = "sha256:faf6430497f3bf6a1c92d10215cd4097c8094d57955fbe563b30ba3add62a9c9", size = 22253242, upload-time = "2026-08-13T21:13:55.57Z" },
    { url = "https://files.pythonhosted.org/packages/cf/c4/9ce8fe15a5ee5d942aaec97adc24fb6ba12bccd326b0f6daf422b1e73cb3/uv-0.12.4-py3-none-manylinux_2_17_armv7l.manylinux2014_armv7l.musllinux_1_1_armv7l.whl", hash = "sha256:221744261e47b140bc29de6be9900f6d7153d1ddc2e652b24c6838beadadb032", size = 22608429, upload-time = "2026-08-13T21:13:59.543Z" },
    { url = "https://files.pythonhosted.org/packages/0a/3e/0d9f31b340d3cf13f523b26bf06bf9df59c9b3b23d0a830ceaf1737bcdcd/uv-0.12.4-py3-none-manylinux_2_17_armv7l.manylinux2014_armv7l.whl", hash = "sha256:7517ae9cad6c0762fc1ee263980077e8715cc15976ee7516136a26f195792c71", size = 22660676, upload-time = "2026-08-13T21:14:03.286Z" },
    { url = "https://files.pythonhosted.org/packages/12/70/a40371a608bea1c0bf6d52fbd326ec432571c40e650f0a9c4b15491a2466/uv-0.12.4-py3-none-manylinux_2_17_i686.manylinux2014_i686.whl", hash = "sha256:18a76d7d479c13fcac26e8dac42e5ac753feb076cce2b0fd7e936e5837aae89b", size = 23281619, upload-time = "2026-08-13T21:14:07.561Z" },
    { url = "https://files.pythonhosted.org/packages/6f/f4/33763b1d74d5b9c805c1d5e29eb467e3102773533f4f087e41b81b02c7bb/uv-0.12.4-py3-none-manylinux_2_17_ppc64le.manylinux2014_ppc64le.whl", hash = "sha256:dc5ce8196d448fc704f6c74cd6bd3a1183f82f87620f3985bae3bddab0a01dd1", size = 24557108, upload-time = "2026-08-13T21:14:11.519Z" },
    { url = "https://files.pythonhosted.org/packages/72/4c/48e739ceb9844892b4759595dbeec7b6aa4eae941ac1855351140e422443/uv-0.12.4-py3-none-manylinux_2_17_s390x.manylinux2014_s390x.whl", hash = "sha256:6b77b36b64ff260d09fc02c440a3c392d9bff77389a5a91d3a663aab074375d0", size = 24271262, upload-time = "2026-08-13T21:14:15.631Z" },
    { url = "https://files.pythonhosted.org/packages/ea/e6/b8f4c5f3b01ec504207edf733ffa51e896bd4b87479fc83261f3b5ba3cb2/uv-0.12.4-py3-none-manylinux_2_17_x86_64.manylinux2014_x86_64.whl", hash = "sha256:3bb292d959fa73000d524159cd5f3c1aa1cf2db9cc3005ccdec06911a9998e84", size = 23553966, upload-time = "2026-08-13T21:14:19.524Z" },
    { url = "https://files.pythonhosted.org/packages/1e/0f/242d1ed870d6014b21094084ab4f5f18b4c495d1225b4a1360f25bf8c7a3/uv-0.12.4-py3-none-manylinux_2_28_aarch64.whl", hash = "sha256:2b387bf72accc04c50f27808188c5ecd82bd123bf87cb9bb1b01b9c5344a506f", size = 22384788, upload-time = "2026-08-13T21:14:23.379Z" },
    { url = "https://files.pythonhosted.org/packages/55/e6/ead74ad1d048fe7826d25a7f83ce2f45ba7a93dd329af2a53021c7222b3a/uv-0.12.4-py3-none-manylinux_2_31_riscv64.musllinux_1_1_riscv64.whl", hash = "sha256:81c03a57524b8f9cf1530fc9cc69aea0a2a16d73e5dbcf5d40043b2a68a9d43b", size = 23338165, upload-time = "2026-08-13T21:14:27.318Z" },
    { url = "https://files.pythonhosted.org/packages/66/87/786cc9e54276530b81e70eec6e38999d6d668de574a89bb6462a401935c6/uv-0.12.4-py3-none-manylinux_2_31_riscv64.whl", hash = "sha256:54635bc94277b72189b1159cc12a95e12fd92b78c84b6df4a6aecbd08edc7837", size = 23471677, upload-time = "2026-08-13T21:14:31.37Z" },
    { url = "https://files.pythonhosted.org/packages/b5/bd/879755ca3f37dea56fd5d0df209cc336c93ac7e735b581818bf5cdd830ba/uv-0.12.4-py3-none-musllinux_1_1_i686.whl", hash = "sha256:8d3744d48969ecd5ca7dc766e1223f0d39106fc1ad433bae8edd45c915a1187c", size = 22455236, upload-time = "2026-08-13T21:14:35.59Z" },
    { url = "https://files.pythonhosted.org/packages/0a/5e/a2712e790c1f60317558d9d83179bc44c7e597db765a74b66c62a9e78ef7/uv-0.12.4-py3-none-musllinux_1_1_x86_64.whl", hash = "sha256:9338a8bc8e8a350ec6f954178326e6fdc8872df2f14a233644973ac7fc46aa5e", size = 23735373, upload-time = "2026-08-13T21:14:39.947Z" },
    { url = "https://files.pythonhosted.org/packages/f4/92/58442cb1776a94bc5b51cf59cfa15046af81063eb9a7afc17d9bb0c36603/uv-0.12.4-py3-none-win32.whl", hash = "sha256:dc9e67e1068bc1140ebae3a5fe26c0355ab03af254d668c5b8824984b9c02126", size = 20746708, upload-time = "2026-08-13T21:14:44.071Z" },
    { url = "https://files.pythonhosted.org/packages/43/0e/eba3b430e236a062ecb6a3fc953071ef62fd02fd978edfd69be8c498c25d/uv-0.12.4-py3-none-win_amd64.whl", hash = "sha256:a49cf2bde46a181f3d22927221a8e9f1254c38b7d810a3d3a697c42f5053537f", size = 21586117, upload-time = "2026-08-13T21:14:48.232Z" },
    { url = "https://files.pythonhosted.org/packages/29/f2/452323fd5dd5193b283f3de9cf7a0afa396d908aaecfb0a1c5f00280ed7d/uv-0.12.4-py3-none-win_arm64.whl", hash = "sha256:3dc929ea44123d4f5492cebe9dc09852152509113134030473a70fbd702d62f0", size = 20375644, upload-time = "2026-08-13T21:14:51.908Z" },
]

[[package]]
name = "win32-setctime"
version = "1.2.0"
source = { registry = "https://pypi.org/simple" }
sdist = { url = "https://files.pythonhosted.org/packages/b3/8f/705086c9d734d3b663af0e9bb3d4de6578d08f46b1b101c2442fd9aecaa2/win32_setctime-1.2.0.tar.gz", hash = "sha256:ae1fdf948f5640aae05c511ade119313fb6a30d7eabe25fef9764dca5873c4c0", size = 4867, upload-time = "2024-12-07T15:28:28.314Z" }
wheels = [
    { url = "https://files.pythonhosted.org/packages/e1/07/c6fe3ad3e685340704d314d765b7912993bcb8dc198f0e7a89382d37974b/win32_setctime-1.2.0-py3-none-any.whl", hash = "sha256:95d644c4e708aba81dc3704a116d8cbc974d70b3bdb8be1d150e36be6e9d1390", size = 4083, upload-time = "2024-12-07T15:28:26.465Z" },
]
